
Microsoft Visual Studio Solution File, Format Version 12.00
# Visual Studio Version 16
VisualStudioVersion = 16.0.31729.503
MinimumVisualStudioVersion = 10.0.40219.1
Project("{FAE04EC0-301F-11D3-BF4B-00C04F79EFBC}") = "WebAPI", "WebAPI\WebAPI.csproj", "{058690C7-CF22-4ACA-9F99-6AAEF37D5AAA}"
EndProject
Global
	GlobalSection(SolutionConfigurationPlatforms) = preSolution
		Debug|Any CPU = Debug|Any CPU
		Release|Any CPU = Release|Any CPU
	EndGlobalSection
	GlobalSection(ProjectConfigurationPlatforms) = postSolution
		{058690C7-CF22-4ACA-9F99-6AAEF37D5AAA}.Debug|Any CPU.ActiveCfg = Debug|Any CPU
		{058690C7-CF22-4ACA-9F99-6AAEF37D5AAA}.Debug|Any CPU.Build.0 = Debug|Any CPU
		{058690C7-CF22-4ACA-9F99-6AAEF37D5AAA}.Release|Any CPU.ActiveCfg = Release|Any CPU
		{058690C7-CF22-4ACA-9F99-6AAEF37D5AAA}.Release|Any CPU.Build.0 = Release|Any CPU
	EndGlobalSection
	GlobalSection(SolutionProperties) = preSolution
		HideSolutionNode = FALSE
	EndGlobalSection
	GlobalSection(ExtensibilityGlobals) = postSolution
		SolutionGuid = {62974D64-B9FE-415D-98BE-9A2414024938}
	EndGlobalSection
EndGlobal
